
Microsoft Visual Studio Solution File, Format Version 12.00
# Visual Studio Version 17
VisualStudioVersion = 17.14.36511.14
MinimumVisualStudioVersion = 10.0.40219.1
Project("{FAE04EC0-301F-11D3-BF4B-00C04F79EFBC}") = "EW_WEBHOOK_SYNC", "EW_WEBHOOK_SYNC\EW_WEBHOOK_SYNC.csproj", "{D4467A0D-ED64-47B9-A54B-A0B55D2317BB}"
EndProject
Global
	GlobalSection(SolutionConfigurationPlatforms) = preSolution
		Debug|Any CPU = Debug|Any CPU
		Release|Any CPU = Release|Any CPU
	EndGlobalSection
	GlobalSection(ProjectConfigurationPlatforms) = postSolution
		{D4467A0D-ED64-47B9-A54B-A0B55D2317BB}.Debug|Any CPU.ActiveCfg = Debug|Any CPU
		{D4467A0D-ED64-47B9-A54B-A0B55D2317BB}.Debug|Any CPU.Build.0 = Debug|Any CPU
		{D4467A0D-ED64-47B9-A54B-A0B55D2317BB}.Release|Any CPU.ActiveCfg = Release|Any CPU
		{D4467A0D-ED64-47B9-A54B-A0B55D2317BB}.Release|Any CPU.Build.0 = Release|Any CPU
	EndGlobalSection
	GlobalSection(SolutionProperties) = preSolution
		HideSolutionNode = FALSE
	EndGlobalSection
	GlobalSection(ExtensibilityGlobals) = postSolution
		SolutionGuid = {C893257A-1B1A-4F7D-91C6-6D0CB7471ED1}
	EndGlobalSection
EndGlobal
